
Microsoft Visual Studio Solution File, Format Version 12.00
# Visual Studio Version 17
VisualStudioVersion = 17.14.36518.9
MinimumVisualStudioVersion = 10.0.40219.1
Project("{FAE04EC0-301F-11D3-BF4B-00C04F79EFBC}") = "ServiceFlow.Class", "ServiceFlow.Class\ServiceFlow.Class.csproj", "{3828A49A-17E8-4C51-BC92-3A58494DA8EC}"
EndProject
Project("{FAE04EC0-301F-11D3-BF4B-00C04F79EFBC}") = "ServiceFlow.Web", "ServiceFlow.Web\ServiceFlow.Web.csproj", "{3A69EC4B-EB32-4DF6-80BC-783C166B39B6}"
EndProject
Project("{2150E333-8FDC-42A3-9474-1A3956D46DE8}") = "Elementos de la solución", "Elementos de la solución", "{D107F4C8-89CC-BEA8-D3D7-CA6B7733353D}"
	ProjectSection(SolutionItems) = preProject
		.gitignore = .gitignore
	EndProjectSection
EndProject
Global
	GlobalSection(SolutionConfigurationPlatforms) = preSolution
		Debug|Any CPU = Debug|Any CPU
		Release|Any CPU = Release|Any CPU
	EndGlobalSection
	GlobalSection(ProjectConfigurationPlatforms) = postSolution
		{3828A49A-17E8-4C51-BC92-3A58494DA8EC}.Debug|Any CPU.ActiveCfg = Debug|Any CPU
		{3828A49A-17E8-4C51-BC92-3A58494DA8EC}.Debug|Any CPU.Build.0 = Debug|Any CPU
		{3828A49A-17E8-4C51-BC92-3A58494DA8EC}.Release|Any CPU.ActiveCfg = Release|Any CPU
		{3828A49A-17E8-4C51-BC92-3A58494DA8EC}.Release|Any CPU.Build.0 = Release|Any CPU
		{3A69EC4B-EB32-4DF6-80BC-783C166B39B6}.Debug|Any CPU.ActiveCfg = Debug|Any CPU
		{3A69EC4B-EB32-4DF6-80BC-783C166B39B6}.Debug|Any CPU.Build.0 = Debug|Any CPU
		{3A69EC4B-EB32-4DF6-80BC-783C166B39B6}.Release|Any CPU.ActiveCfg = Release|Any CPU
		{3A69EC4B-EB32-4DF6-80BC-783C166B39B6}.Release|Any CPU.Build.0 = Release|Any CPU
	EndGlobalSection
	GlobalSection(SolutionProperties) = preSolution
		HideSolutionNode = FALSE
	EndGlobalSection
	GlobalSection(ExtensibilityGlobals) = postSolution
		SolutionGuid = {A8E8520D-A14D-4F22-A894-60A52F3ECB37}
	EndGlobalSection
EndGlobal
